{"1.2.0",
[{<<"epgsql">>,{pkg,<<"epgsql">>,<<"4.8.0">>},0},
 {<<"jsx">>,{pkg,<<"jsx">>,<<"3.1.0">>},0}]}.
[
{pkg_hash,[
 {<<"epgsql">>, <<"C491B141B8C37BCE7B67F2079F168F339BB374A7CF9A286CB3B40AD1CD3FABE5">>},
 {<<"jsx">>, <<"D12516BAA0BB23A59BB35DCCAF02A1BD08243FCBB9EFE24F2D9D056CCFF71268">>}]},
{pkg_hash_ext,[
 {<<"epgsql">>, <<"00E550006A62FB439FC7E879419443C889C34605E9B9DC406029D8BAA1AD79D8">>},
 {<<"jsx">>, <<"0C5CC8FDC11B53CC25CF65AC6705AD39E54ECC56D1C22E4ADB8F5A53FB9427F3">>}]}
].
